
Microsoft Visual Studio Solution File, Format Version 12.00
# Visual Studio 15
VisualStudioVersion = 15.0.28010.2046
MinimumVisualStudioVersion = 10.0.40219.1
Project("{9A19103F-16F7-4668-BE54-9A1E7A4F7556}") = "EPMS.Web", "EPMS.Web\EPMS.Web.csproj", "{6559D7FD-F1B8-44A8-9047-54467A15517E}"
EndProject
Project("{9A19103F-16F7-4668-BE54-9A1E7A4F7556}") = "EPMS.EF", "EPMS.EF\EPMS.EF.csproj", "{3F79D69B-B701-406D-B2DD-07E0689E6659}"
EndProject
Project("{9A19103F-16F7-4668-BE54-9A1E7A4F7556}") = "EPMS.Model", "EPMS.Model\EPMS.Model.csproj", "{8F50C9FD-C2CE-4603-8C7A-4964C4ED2D00}"
EndProject
Project("{FAE04EC0-301F-11D3-BF4B-00C04F79EFBC}") = "EPMS.Service", "EPMS.Service\EPMS.Service.csproj", "{390C4F8B-3EFE-497D-B6BE-3D803F258D01}"
EndProject
Global
	GlobalSection(SolutionConfigurationPlatforms) = preSolution
		Debug|Any CPU = Debug|Any CPU
		Release|Any CPU = Release|Any CPU
	EndGlobalSection
	GlobalSection(ProjectConfigurationPlatforms) = postSolution
		{6559D7FD-F1B8-44A8-9047-54467A15517E}.Debug|Any CPU.ActiveCfg = Debug|Any CPU
		{6559D7FD-F1B8-44A8-9047-54467A15517E}.Debug|Any CPU.Build.0 = Debug|Any CPU
		{6559D7FD-F1B8-44A8-9047-54467A15517E}.Release|Any CPU.ActiveCfg = Release|Any CPU
		{6559D7FD-F1B8-44A8-9047-54467A15517E}.Release|Any CPU.Build.0 = Release|Any CPU
		{3F79D69B-B701-406D-B2DD-07E0689E6659}.Debug|Any CPU.ActiveCfg = Debug|Any CPU
		{3F79D69B-B701-406D-B2DD-07E0689E6659}.Debug|Any CPU.Build.0 = Debug|Any CPU
		{3F79D69B-B701-406D-B2DD-07E0689E6659}.Release|Any CPU.ActiveCfg = Release|Any CPU
		{3F79D69B-B701-406D-B2DD-07E0689E6659}.Release|Any CPU.Build.0 = Release|Any CPU
		{8F50C9FD-C2CE-4603-8C7A-4964C4ED2D00}.Debug|Any CPU.ActiveCfg = Debug|Any CPU
		{8F50C9FD-C2CE-4603-8C7A-4964C4ED2D00}.Debug|Any CPU.Build.0 = Debug|Any CPU
		{8F50C9FD-C2CE-4603-8C7A-4964C4ED2D00}.Release|Any CPU.ActiveCfg = Release|Any CPU
		{8F50C9FD-C2CE-4603-8C7A-4964C4ED2D00}.Release|Any CPU.Build.0 = Release|Any CPU
		{390C4F8B-3EFE-497D-B6BE-3D803F258D01}.Debug|Any CPU.ActiveCfg = Debug|Any CPU
		{390C4F8B-3EFE-497D-B6BE-3D803F258D01}.Debug|Any CPU.Build.0 = Debug|Any CPU
		{390C4F8B-3EFE-497D-B6BE-3D803F258D01}.Release|Any CPU.ActiveCfg = Release|Any CPU
		{390C4F8B-3EFE-497D-B6BE-3D803F258D01}.Release|Any CPU.Build.0 = Release|Any CPU
	EndGlobalSection
	GlobalSection(SolutionProperties) = preSolution
		HideSolutionNode = FALSE
	EndGlobalSection
	GlobalSection(ExtensibilityGlobals) = postSolution
		SolutionGuid = {92DA83E2-7EE2-45C1-9661-49A914C2CF0D}
	EndGlobalSection
EndGlobal
